// !$*UTF8*$!
{
	archiveVersion = 1;
	classes = {
	};
	objectVersion = 56;
	objects = {

/* Begin PBXBuildFile section */
		F27EEDCA2D4760D60025D839 /* TempConverterAppApp.swift in Sources */ = {isa = PBXBuildFile; fileRef = F27EEDC92D4760D60025D839 /* TempConverterAppApp.swift */; };
		F27EEDCC2D4760D60025D839 /* ContentView.swift in Sources */ = {isa = PBXBuildFile; fileRef = F27EEDCB2D4760D60025D839 /* ContentView.swift */; };
		F27EEDCE2D4760D80025D839 /* Assets.xcassets in Resources */ = {isa = PBXBuildFile; fileRef = F27EEDCD2D4760D80025D839 /* Assets.xcassets */; };
		F27EEDD12D4760D80025D839 /* Preview Assets.xcassets in Resources */ = {isa = PBXBuildFile; fileRef = F27EEDD02D4760D80025D839 /* Preview Assets.xcassets */; };
		F27EEDDB2D4760D90025D839 /* TempConverterAppTests.swift in Sources */ = {isa = PBXBuildFile; fileRef = F27EEDDA2D4760D90025D839 /* TempConverterAppTests.swift */; };
		F27EEDE52D4760D90025D839 /* TempConverterAppUITests.swift in Sources */ = {isa = PBXBuildFile; fileRef = F27EEDE42D4760D90025D839 /* TempConverterAppUITests.swift */; };
		F27EEDE72D4760D90025D839 /* TempConverterAppUITestsLaunchTests.swift in Sources */ = {isa = PBXBuildFile; fileRef = F27EEDE62D4760D90025D839 /* TempConverterAppUITestsLaunchTests.swift */; };
		F27EEDF72D4761680025D839 /* TempConverter.swift in Sources */ = {isa = PBXBuildFile; fileRef = F27EEDF62D4761680025D839 /* TempConverter.swift */; };
		F27EEDF92D47AE6D0025D839 /* ViewController.swift in Sources */ = {isa = PBXBuildFile; fileRef = F27EEDF82D47AE6D0025D839 /* ViewController.swift */; };
		F27EEDFB2D47B26F0025D839 /* InfoView.swift in Sources */ = {isa = PBXBuildFile; fileRef = F27EEDFA2D47B26F0025D839 /* InfoView.swift */; };
/* End PBXBuildFile section */

/* Begin PBXContainerItemProxy section */
		F27EEDD72D4760D90025D839 /* PBXContainerItemProxy */ = {
			isa = PBXContainerItemProxy;
			containerPortal = F27EEDBE2D4760D60025D839 /* Project object */;
			proxyType = 1;
			remoteGlobalIDString = F27EEDC52D4760D60025D839;
			remoteInfo = TempConverterApp;
		};
		F27EEDE12D4760D90025D839 /* PBXContainerItemProxy */ = {
			isa = PBXContainerItemProxy;
			containerPortal = F27EEDBE2D4760D60025D839 /* Project object */;
			proxyType = 1;
			remoteGlobalIDString = F27EEDC52D4760D60025D839;
			remoteInfo = TempConverterApp;
		};
/* End PBXContainerItemProxy section */

/* Begin PBXFileReference section */
		F27EEDC62D4760D60025D839 /* TempConverterApp.app */ = {isa = PBXFileReference; explicitFileType = wrapper.application; includeInIndex = 0; path = TempConverterApp.app; sourceTree = BUILT_PRODUCTS_DIR; };
		F27EEDC92D4760D60025D839 /* TempConverterAppApp.swift */ = {isa = PBXFileReference; lastKnownFileType = sourcecode.swift; path = TempConverterAppApp.swift; sourceTree = "<group>"; };
		F27EEDCB2D4760D60025D839 /* ContentView.swift */ = {isa = PBXFileReference; lastKnownFileType = sourcecode.swift; path = ContentView.swift; sourceTree = "<group>"; };
		F27EEDCD2D4760D80025D839 /* Assets.xcassets */ = {isa = PBXFileReference; lastKnownFileType = folder.assetcatalog; path = Assets.xcassets; sourceTree = "<group>"; };
		F27EEDD02D4760D80025D839 /* Preview Assets.xcassets */ = {isa = PBXFileReference; lastKnownFileType = folder.assetcatalog; path = "Preview Assets.xcassets"; sourceTree = "<group>"; };
		F27EEDD62D4760D90025D839 /* TempConverterAppTests.xctest */ = {isa = PBXFileReference; explicitFileType = wrapper.cfbundle; includeInIndex = 0; path = TempConverterAppTests.xctest; sourceTree = BUILT_PRODUCTS_DIR; };
		F27EEDDA2D4760D90025D839 /* TempConverterAppTests.swift */ = {isa = PBXFileReference; lastKnownFileType = sourcecode.swift; path = TempConverterAppTests.swift; sourceTree = "<group>"; };
		F27EEDE02D4760D90025D839 /* TempConverterAppUITests.xctest */ = {isa = PBXFileReference; explicitFileType = wrapper.cfbundle; includeInIndex = 0; path = TempConverterAppUITests.xctest; sourceTree = BUILT_PRODUCTS_DIR; };
		F27EEDE42D4760D90025D839 /* TempConverterAppUITests.swift */ = {isa = PBXFileReference; lastKnownFileType = sourcecode.swift; path = TempConverterAppUITests.swift; sourceTree = "<group>"; };
		F27EEDE62D4760D90025D839 /* TempConverterAppUITestsLaunchTests.swift */ = {isa = PBXFileReference; lastKnownFileType = sourcecode.swift; path = TempConverterAppUITestsLaunchTests.swift; sourceTree = "<group>"; };
		F27EEDF62D4761680025D839 /* TempConverter.swift */ = {isa = PBXFileReference; lastKnownFileType = sourcecode.swift; path = TempConverter.swift; sourceTree = "<group>"; };
		F27EEDF82D47AE6D0025D839 /* ViewController.swift */ = {isa = PBXFileReference; lastKnownFileType = sourcecode.swift; path = ViewController.swift; sourceTree = "<group>"; };
		F27EEDFA2D47B26F0025D839 /* InfoView.swift */ = {isa = PBXFileReference; lastKnownFileType = sourcecode.swift; path = InfoView.swift; sourceTree = "<group>"; };
/* End PBXFileReference section */

/* Begin PBXFrameworksBuildPhase section */
		F27EEDC32D4760D60025D839 /* Frameworks */ = {
			isa = PBXFrameworksBuildPhase;
			buildActionMask = 2147483647;
			files = (
			);
			runOnlyForDeploymentPostprocessing = 0;
		};
		F27EEDD32D4760D90025D839 /* Frameworks */ = {
			isa = PBXFrameworksBuildPhase;
			buildActionMask = 2147483647;
			files = (
			);
			runOnlyForDeploymentPostprocessing = 0;
		};
		F27EEDDD2D4760D90025D839 /* Frameworks */ = {
			isa = PBXFrameworksBuildPhase;
			buildActionMask = 2147483647;
			files = (
			);
			runOnlyForDeploymentPostprocessing = 0;
		};
/* End PBXFrameworksBuildPhase section */

/* Begin PBXGroup section */
		F27EEDBD2D4760D60025D839 = {
			isa = PBXGroup;
			children = (
				F27EEDC82D4760D60025D839 /* TempConverterApp */,
				F27EEDD92D4760D90025D839 /* TempConverterAppTests */,
				F27EEDE32D4760D90025D839 /* TempConverterAppUITests */,
				F27EEDC72D4760D60025D839 /* Products */,
			);
			sourceTree = "<group>";
		};
		F27EEDC72D4760D60025D839 /* Products */ = {
			isa = PBXGroup;
			children = (
				F27EEDC62D4760D60025D839 /* TempConverterApp.app */,
				F27EEDD62D4760D90025D839 /* TempConverterAppTests.xctest */,
				F27EEDE02D4760D90025D839 /* TempConverterAppUITests.xctest */,
			);
			name = Products;
			sourceTree = "<group>";
		};
		F27EEDC82D4760D60025D839 /* TempConverterApp */ = {
			isa = PBXGroup;
			children = (
				F27EEDF52D4761300025D839 /* Controllers */,
				F27EEDF42D4760FB0025D839 /* Views */,
				F27EEDF32D4760EE0025D839 /* Models */,
				F27EEDCD2D4760D80025D839 /* Assets.xcassets */,
				F27EEDCF2D4760D80025D839 /* Preview Content */,
			);
			path = TempConverterApp;
			sourceTree = "<group>";
		};
		F27EEDCF2D4760D80025D839 /* Preview Content */ = {
			isa = PBXGroup;
			children = (
				F27EEDD02D4760D80025D839 /* Preview Assets.xcassets */,
			);
			path = "Preview Content";
			sourceTree = "<group>";
		};
		F27EEDD92D4760D90025D839 /* TempConverterAppTests */ = {
			isa = PBXGroup;
			children = (
				F27EEDDA2D4760D90025D839 /* TempConverterAppTests.swift */,
			);
			path = TempConverterAppTests;
			sourceTree = "<group>";
		};
		F27EEDE32D4760D90025D839 /* TempConverterAppUITests */ = {
			isa = PBXGroup;
			children = (
				F27EEDE42D4760D90025D839 /* TempConverterAppUITests.swift */,
				F27EEDE62D4760D90025D839 /* TempConverterAppUITestsLaunchTests.swift */,
			);
			path = TempConverterAppUITests;
			sourceTree = "<group>";
		};
		F27EEDF32D4760EE0025D839 /* Models */ = {
			isa = PBXGroup;
			children = (
				F27EEDF62D4761680025D839 /* TempConverter.swift */,
			);
			path = Models;
			sourceTree = "<group>";
		};
		F27EEDF42D4760FB0025D839 /* Views */ = {
			isa = PBXGroup;
			children = (
				F27EEDC92D4760D60025D839 /* TempConverterAppApp.swift */,
				F27EEDCB2D4760D60025D839 /* ContentView.swift */,
				F27EEDFA2D47B26F0025D839 /* InfoView.swift */,
			);
			path = Views;
			sourceTree = "<group>";
		};
		F27EEDF52D4761300025D839 /* Controllers */ = {
			isa = PBXGroup;
			children = (
				F27EEDF82D47AE6D0025D839 /* ViewController.swift */,
			);
			path = Controllers;
			sourceTree = "<group>";
		};
/* End PBXGroup section */

/* Begin PBXNativeTarget section */
		F27EEDC52D4760D60025D839 /* TempConverterApp */ = {
			isa = PBXNativeTarget;
			buildConfigurationList = F27EEDEA2D4760D90025D839 /* Build configuration list for PBXNativeTarget "TempConverterApp" */;
			buildPhases = (
				F27EEDC22D4760D60025D839 /* Sources */,
				F27EEDC32D4760D60025D839 /* Frameworks */,
				F27EEDC42D4760D60025D839 /* Resources */,
			);
			buildRules = (
			);
			dependencies = (
			);
			name = TempConverterApp;
			productName = TempConverterApp;
			productReference = F27EEDC62D4760D60025D839 /* TempConverterApp.app */;
			productType = "com.apple.product-type.application";
		};
		F27EEDD52D4760D90025D839 /* TempConverterAppTests */ = {
			isa = PBXNativeTarget;
			buildConfigurationList = F27EEDED2D4760D90025D839 /* Build configuration list for PBXNativeTarget "TempConverterAppTests" */;
			buildPhases = (
				F27EEDD22D4760D90025D839 /* Sources */,
				F27EEDD32D4760D90025D839 /* Frameworks */,
				F27EEDD42D4760D90025D839 /* Resources */,
			);
			buildRules = (
			);
			dependencies = (
				F27EEDD82D4760D90025D839 /* PBXTargetDependency */,
			);
			name = TempConverterAppTests;
			productName = TempConverterAppTests;
			productReference = F27EEDD62D4760D90025D839 /* TempConverterAppTests.xctest */;
			productType = "com.apple.product-type.bundle.unit-test";
		};
		F27EEDDF2D4760D90025D839 /* TempConverterAppUITests */ = {
			isa = PBXNativeTarget;
			buildConfigurationList = F27EEDF02D4760D90025D839 /* Build configuration list for PBXNativeTarget "TempConverterAppUITests" */;
			buildPhases = (
				F27EEDDC2D4760D90025D839 /* Sources */,
				F27EEDDD2D4760D90025D839 /* Frameworks */,
				F27EEDDE2D4760D90025D839 /* Resources */,
			);
			buildRules = (
			);
			dependencies = (
				F27EEDE22D4760D90025D839 /* PBXTargetDependency */,
			);
			name = TempConverterAppUITests;
			productName = TempConverterAppUITests;
			productReference = F27EEDE02D4760D90025D839 /* TempConverterAppUITests.xctest */;
			productType = "com.apple.product-type.bundle.ui-testing";
		};
/* End PBXNativeTarget section */

/* Begin PBXProject section */
		F27EEDBE2D4760D60025D839 /* Project object */ = {
			isa = PBXProject;
			attributes = {
				BuildIndependentTargetsInParallel = 1;
				LastSwiftUpdateCheck = 1540;
				LastUpgradeCheck = 1540;
				TargetAttributes = {
					F27EEDC52D4760D60025D839 = {
						CreatedOnToolsVersion = 15.4;
					};
					F27EEDD52D4760D90025D839 = {
						CreatedOnToolsVersion = 15.4;
						TestTargetID = F27EEDC52D4760D60025D839;
					};
					F27EEDDF2D4760D90025D839 = {
						CreatedOnToolsVersion = 15.4;
						TestTargetID = F27EEDC52D4760D60025D839;
					};
				};
			};
			buildConfigurationList = F27EEDC12D4760D60025D839 /* Build configuration list for PBXProject "TempConverterApp" */;
			compatibilityVersion = "Xcode 14.0";
			developmentRegion = en;
			hasScannedForEncodings = 0;
			knownRegions = (
				en,
				Base,
			);
			mainGroup = F27EEDBD2D4760D60025D839;
			productRefGroup = F27EEDC72D4760D60025D839 /* Products */;
			projectDirPath = "";
			projectRoot = "";
			targets = (
				F27EEDC52D4760D60025D839 /* TempConverterApp */,
				F27EEDD52D4760D90025D839 /* TempConverterAppTests */,
				F27EEDDF2D4760D90025D839 /* TempConverterAppUITests */,
			);
		};
/* End PBXProject section */

/* Begin PBXResourcesBuildPhase section */
		F27EEDC42D4760D60025D839 /* Resources */ = {
			isa = PBXResourcesBuildPhase;
			buildActionMask = 2147483647;
			files = (
				F27EEDD12D4760D80025D839 /* Preview Assets.xcassets in Resources */,
				F27EEDCE2D4760D80025D839 /* Assets.xcassets in Resources */,
			);
			runOnlyForDeploymentPostprocessing = 0;
		};
		F27EEDD42D4760D90025D839 /* Resources */ = {
			isa = PBXResourcesBuildPhase;
			buildActionMask = 2147483647;
			files = (
			);
			runOnlyForDeploymentPostprocessing = 0;
		};
		F27EEDDE2D4760D90025D839 /* Resources */ = {
			isa = PBXResourcesBuildPhase;
			buildActionMask = 2147483647;
			files = (
			);
			runOnlyForDeploymentPostprocessing = 0;
		};
/* End PBXResourcesBuildPhase section */

/* Begin PBXSourcesBuildPhase section */
		F27EEDC22D4760D60025D839 /* Sources */ = {
			isa = PBXSourcesBuildPhase;
			buildActionMask = 2147483647;
			files = (
				F27EEDF72D4761680025D839 /* TempConverter.swift in Sources */,
				F27EEDCC2D4760D60025D839 /* ContentView.swift in Sources */,
				F27EEDF92D47AE6D0025D839 /* ViewController.swift in Sources */,
				F27EEDFB2D47B26F0025D839 /* InfoView.swift in Sources */,
				F27EEDCA2D4760D60025D839 /* TempConverterAppApp.swift in Sources */,
			);
			runOnlyForDeploymentPostprocessing = 0;
		};
		F27EEDD22D4760D90025D839 /* Sources */ = {
			isa = PBXSourcesBuildPhase;
			buildActionMask = 2147483647;
			files = (
				F27EEDDB2D4760D90025D839 /* TempConverterAppTests.swift in Sources */,
			);
			runOnlyForDeploymentPostprocessing = 0;
		};
		F27EEDDC2D4760D90025D839 /* Sources */ = {
			isa = PBXSourcesBuildPhase;
			buildActionMask = 2147483647;
			files = (
				F27EEDE52D4760D90025D839 /* TempConverterAppUITests.swift in Sources */,
				F27EEDE72D4760D90025D839 /* TempConverterAppUITestsLaunchTests.swift in Sources */,
			);
			runOnlyForDeploymentPostprocessing = 0;
		};
/* End PBXSourcesBuildPhase section */

/* Begin PBXTargetDependency section */
		F27EEDD82D4760D90025D839 /* PBXTargetDependency */ = {
			isa = PBXTargetDependency;
			target = F27EEDC52D4760D60025D839 /* TempConverterApp */;
			targetProxy = F27EEDD72D4760D90025D839 /* PBXContainerItemProxy */;
		};
		F27EEDE22D4760D90025D839 /* PBXTargetDependency */ = {
			isa = PBXTargetDependency;
			target = F27EEDC52D4760D60025D839 /* TempConverterApp */;
			targetProxy = F27EEDE12D4760D90025D839 /* PBXContainerItemProxy */;
		};
/* End PBXTargetDependency section */

/* Begin XCBuildConfiguration section */
		F27EEDE82D4760D90025D839 /* Debug */ = {
			isa = XCBuildConfiguration;
			buildSettings = {
				ALWAYS_SEARCH_USER_PATHS = NO;
				ASSETCATALOG_COMPILER_GENERATE_SWIFT_ASSET_SYMBOL_EXTENSIONS = YES;
				CLANG_ANALYZER_NONNULL = YES;
				CLANG_ANALYZER_NUMBER_OBJECT_CONVERSION = YES_AGGRESSIVE;
				CLANG_CXX_LANGUAGE_STANDARD = "gnu++20";
				CLANG_ENABLE_MODULES = YES;
				CLANG_ENABLE_OBJC_ARC = YES;
				CLANG_ENABLE_OBJC_WEAK = YES;
				CLANG_WARN_BLOCK_CAPTURE_AUTORELEASING = YES;
				CLANG_WARN_BOOL_CONVERSION = YES;
				CLANG_WARN_COMMA = YES;
				CLANG_WARN_CONSTANT_CONVERSION = YES;
				CLANG_WARN_DEPRECATED_OBJC_IMPLEMENTATIONS = YES;
				CLANG_WARN_DIRECT_OBJC_ISA_USAGE = YES_ERROR;
				CLANG_WARN_DOCUMENTATION_COMMENTS = YES;
				CLANG_WARN_EMPTY_BODY = YES;
				CLANG_WARN_ENUM_CONVERSION = YES;
				CLANG_WARN_INFINITE_RECURSION = YES;
				CLANG_WARN_INT_CONVERSION = YES;
				CLANG_WARN_NON_LITERAL_NULL_CONVERSION = YES;
				CLANG_WARN_OBJC_IMPLICIT_RETAIN_SELF = YES;
				CLANG_WARN_OBJC_LITERAL_CONVERSION = YES;
				CLANG_WARN_OBJC_ROOT_CLASS = YES_ERROR;
				CLANG_WARN_QUOTED_INCLUDE_IN_FRAMEWORK_HEADER = YES;
				CLANG_WARN_RANGE_LOOP_ANALYSIS = YES;
				CLANG_WARN_STRICT_PROTOTYPES = YES;
				CLANG_WARN_SUSPICIOUS_MOVE = YES;
				CLANG_WARN_UNGUARDED_AVAILABILITY = YES_AGGRESSIVE;
				CLANG_WARN_UNREACHABLE_CODE = YES;
				CLANG_WARN__DUPLICATE_METHOD_MATCH = YES;
				COPY_PHASE_STRIP = NO;
				DEBUG_INFORMATION_FORMAT = dwarf;
				ENABLE_STRICT_OBJC_MSGSEND = YES;
				ENABLE_TESTABILITY = YES;
				ENABLE_USER_SCRIPT_SANDBOXING = YES;
				GCC_C_LANGUAGE_STANDARD = gnu17;
				GCC_DYNAMIC_NO_PIC = NO;
				GCC_NO_COMMON_BLOCKS = YES;
				GCC_OPTIMIZATION_LEVEL = 0;
				GCC_PREPROCESSOR_DEFINITIONS = (
					"DEBUG=1",
					"$(inherited)",
				);
				GCC_WARN_64_TO_32_BIT_CONVERSION = YES;
				GCC_WARN_ABOUT_RETURN_TYPE = YES_ERROR;
				GCC_WARN_UNDECLARED_SELECTOR = YES;
				GCC_WARN_UNINITIALIZED_AUTOS = YES_AGGRESSIVE;
				GCC_WARN_UNUSED_FUNCTION = YES;
				GCC_WARN_UNUSED_VARIABLE = YES;
				IPHONEOS_DEPLOYMENT_TARGET = 17.5;
				LOCALIZATION_PREFERS_STRING_CATALOGS = YES;
				MTL_ENABLE_DEBUG_INFO = INCLUDE_SOURCE;
				MTL_FAST_MATH = YES;
				ONLY_ACTIVE_ARCH = YES;
				SDKROOT = iphoneos;
				SWIFT_ACTIVE_COMPILATION_CONDITIONS = "DEBUG $(inherited)";
				SWIFT_OPTIMIZATION_LEVEL = "-Onone";
			};
			name = Debug;
		};
		F27EEDE92D4760D90025D839 /* Release */ = {
			isa = XCBuildConfiguration;
			buildSettings = {
				ALWAYS_SEARCH_USER_PATHS = NO;
				ASSETCATALOG_COMPILER_GENERATE_SWIFT_ASSET_SYMBOL_EXTENSIONS = YES;
				CLANG_ANALYZER_NONNULL = YES;
				CLANG_ANALYZER_NUMBER_OBJECT_CONVERSION = YES_AGGRESSIVE;
				CLANG_CXX_LANGUAGE_STANDARD = "gnu++20";
				CLANG_ENABLE_MODULES = YES;
				CLANG_ENABLE_OBJC_ARC = YES;
				CLANG_ENABLE_OBJC_WEAK = YES;
				CLANG_WARN_BLOCK_CAPTURE_AUTORELEASING = YES;
				CLANG_WARN_BOOL_CONVERSION = YES;
				CLANG_WARN_COMMA = YES;
				CLANG_WARN_CONSTANT_CONVERSION = YES;
				CLANG_WARN_DEPRECATED_OBJC_IMPLEMENTATIONS = YES;
				CLANG_WARN_DIRECT_OBJC_ISA_USAGE = YES_ERROR;
				CLANG_WARN_DOCUMENTATION_COMMENTS = YES;
				CLANG_WARN_EMPTY_BODY = YES;
				CLANG_WARN_ENUM_CONVERSION = YES;
				CLANG_WARN_INFINITE_RECURSION = YES;
				CLANG_WARN_INT_CONVERSION = YES;
				CLANG_WARN_NON_LITERAL_NULL_CONVERSION = YES;
				CLANG_WARN_OBJC_IMPLICIT_RETAIN_SELF = YES;
				CLANG_WARN_OBJC_LITERAL_CONVERSION = YES;
				CLANG_WARN_OBJC_ROOT_CLASS = YES_ERROR;
				CLANG_WARN_QUOTED_INCLUDE_IN_FRAMEWORK_HEADER = YES;
				CLANG_WARN_RANGE_LOOP_ANALYSIS = YES;
				CLANG_WARN_STRICT_PROTOTYPES = YES;
				CLANG_WARN_SUSPICIOUS_MOVE = YES;
				CLANG_WARN_UNGUARDED_AVAILABILITY = YES_AGGRESSIVE;
				CLANG_WARN_UNREACHABLE_CODE = YES;
				CLANG_WARN__DUPLICATE_METHOD_MATCH = YES;
				COPY_PHASE_STRIP = NO;
				DEBUG_INFORMATION_FORMAT = "dwarf-with-dsym";
				ENABLE_NS_ASSERTIONS = NO;
				ENABLE_STRICT_OBJC_MSGSEND = YES;
				ENABLE_USER_SCRIPT_SANDBOXING = YES;
				GCC_C_LANGUAGE_STANDARD = gnu17;
				GCC_NO_COMMON_BLOCKS = YES;
				GCC_WARN_64_TO_32_BIT_CONVERSION = YES;
				GCC_WARN_ABOUT_RETURN_TYPE = YES_ERROR;
				GCC_WARN_UNDECLARED_SELECTOR = YES;
				GCC_WARN_UNINITIALIZED_AUTOS = YES_AGGRESSIVE;
				GCC_WARN_UNUSED_FUNCTION = YES;
				GCC_WARN_UNUSED_VARIABLE = YES;
				IPHONEOS_DEPLOYMENT_TARGET = 17.5;
				LOCALIZATION_PREFERS_STRING_CATALOGS = YES;
				MTL_ENABLE_DEBUG_INFO = NO;
				MTL_FAST_MATH = YES;
				SDKROOT = iphoneos;
				SWIFT_COMPILATION_MODE = wholemodule;
				VALIDATE_PRODUCT = YES;
			};
			name = Release;
		};
		F27EEDEB2D4760D90025D839 /* Debug */ = {
			isa = XCBuildConfiguration;
			buildSettings = {
				ASSETCATALOG_COMPILER_APPICON_NAME = AppIcon;
				ASSETCATALOG_COMPILER_GLOBAL_ACCENT_COLOR_NAME = AccentColor;
				CODE_SIGN_STYLE = Automatic;
				CURRENT_PROJECT_VERSION = 1;
				DEVELOPMENT_ASSET_PATHS = "\"TempConverterApp/Preview Content\"";
				DEVELOPMENT_TEAM = KSZ22SM2R2;
				ENABLE_PREVIEWS = YES;
				GENERATE_INFOPLIST_FILE = YES;
				INFOPLIST_KEY_UIApplicationSceneManifest_Generation = YES;
				INFOPLIST_KEY_UIApplicationSupportsIndirectInputEvents = YES;
				INFOPLIST_KEY_UILaunchScreen_Generation = YES;
				INFOPLIST_KEY_UISupportedInterfaceOrientations_iPad = "UIInterfaceOrientationPortrait UIInterfaceOrientationPortraitUpsideDown UIInterfaceOrientationLandscapeLeft UIInterfaceOrientationLandscapeRight";
				INFOPLIST_KEY_UISupportedInterfaceOrientations_iPhone = "UIInterfaceOrientationPortrait UIInterfaceOrientationLandscapeLeft UIInterfaceOrientationLandscapeRight";
				LD_RUNPATH_SEARCH_PATHS = (
					"$(inherited)",
					"@executable_path/Frameworks",
				);
				MARKETING_VERSION = 1.0;
				PRODUCT_BUNDLE_IDENTIFIER = a.TempConverterApp;
				PRODUCT_NAME = "$(TARGET_NAME)";
				SWIFT_EMIT_LOC_STRINGS = YES;
				SWIFT_VERSION = 5.0;
				TARGETED_DEVICE_FAMILY = "1,2";
			};
			name = Debug;
		};
		F27EEDEC2D4760D90025D839 /* Release */ = {
			isa = XCBuildConfiguration;
			buildSettings = {
				ASSETCATALOG_COMPILER_APPICON_NAME = AppIcon;
				ASSETCATALOG_COMPILER_GLOBAL_ACCENT_COLOR_NAME = AccentColor;
				CODE_SIGN_STYLE = Automatic;
				CURRENT_PROJECT_VERSION = 1;
				DEVELOPMENT_ASSET_PATHS = "\"TempConverterApp/Preview Content\"";
				DEVELOPMENT_TEAM = KSZ22SM2R2;
				ENABLE_PREVIEWS = YES;
				GENERATE_INFOPLIST_FILE = YES;
				INFOPLIST_KEY_UIApplicationSceneManifest_Generation = YES;
				INFOPLIST_KEY_UIApplicationSupportsIndirectInputEvents = YES;
				INFOPLIST_KEY_UILaunchScreen_Generation = YES;
				INFOPLIST_KEY_UISupportedInterfaceOrientations_iPad = "UIInterfaceOrientationPortrait UIInterfaceOrientationPortraitUpsideDown UIInterfaceOrientationLandscapeLeft UIInterfaceOrientationLandscapeRight";
				INFOPLIST_KEY_UISupportedInterfaceOrientations_iPhone = "UIInterfaceOrientationPortrait UIInterfaceOrientationLandscapeLeft UIInterfaceOrientationLandscapeRight";
				LD_RUNPATH_SEARCH_PATHS = (
					"$(inherited)",
					"@executable_path/Frameworks",
				);
				MARKETING_VERSION = 1.0;
				PRODUCT_BUNDLE_IDENTIFIER = a.TempConverterApp;
				PRODUCT_NAME = "$(TARGET_NAME)";
				SWIFT_EMIT_LOC_STRINGS = YES;
				SWIFT_VERSION = 5.0;
				TARGETED_DEVICE_FAMILY = "1,2";
			};
			name = Release;
		};
		F27EEDEE2D4760D90025D839 /* Debug */ = {
			isa = XCBuildConfiguration;
			buildSettings = {
				ALWAYS_EMBED_SWIFT_STANDARD_LIBRARIES = YES;
				BUNDLE_LOADER = "$(TEST_HOST)";
				CODE_SIGN_STYLE = Automatic;
				CURRENT_PROJECT_VERSION = 1;
				DEVELOPMENT_TEAM = KSZ22SM2R2;
				GENERATE_INFOPLIST_FILE = YES;
				IPHONEOS_DEPLOYMENT_TARGET = 17.5;
				MARKETING_VERSION = 1.0;
				PRODUCT_BUNDLE_IDENTIFIER = a.TempConverterAppTests;
				PRODUCT_NAME = "$(TARGET_NAME)";
				SWIFT_EMIT_LOC_STRINGS = NO;
				SWIFT_VERSION = 5.0;
				TARGETED_DEVICE_FAMILY = "1,2";
				TEST_HOST = "$(BUILT_PRODUCTS_DIR)/TempConverterApp.app/$(BUNDLE_EXECUTABLE_FOLDER_PATH)/TempConverterApp";
			};
			name = Debug;
		};
		F27EEDEF2D4760D90025D839 /* Release */ = {
			isa = XCBuildConfiguration;
			buildSettings = {
				ALWAYS_EMBED_SWIFT_STANDARD_LIBRARIES = YES;
				BUNDLE_LOADER = "$(TEST_HOST)";
				CODE_SIGN_STYLE = Automatic;
				CURRENT_PROJECT_VERSION = 1;
				DEVELOPMENT_TEAM = KSZ22SM2R2;
				GENERATE_INFOPLIST_FILE = YES;
				IPHONEOS_DEPLOYMENT_TARGET = 17.5;
				MARKETING_VERSION = 1.0;
				PRODUCT_BUNDLE_IDENTIFIER = a.TempConverterAppTests;
				PRODUCT_NAME = "$(TARGET_NAME)";
				SWIFT_EMIT_LOC_STRINGS = NO;
				SWIFT_VERSION = 5.0;
				TARGETED_DEVICE_FAMILY = "1,2";
				TEST_HOST = "$(BUILT_PRODUCTS_DIR)/TempConverterApp.app/$(BUNDLE_EXECUTABLE_FOLDER_PATH)/TempConverterApp";
			};
			name = Release;
		};
		F27EEDF12D4760D90025D839 /* Debug */ = {
			isa = XCBuildConfiguration;
			buildSettings = {
				ALWAYS_EMBED_SWIFT_STANDARD_LIBRARIES = YES;
				CODE_SIGN_STYLE = Automatic;
				CURRENT_PROJECT_VERSION = 1;
				DEVELOPMENT_TEAM = KSZ22SM2R2;
				GENERATE_INFOPLIST_FILE = YES;
				MARKETING_VERSION = 1.0;
				PRODUCT_BUNDLE_IDENTIFIER = a.TempConverterAppUITests;
				PRODUCT_NAME = "$(TARGET_NAME)";
				SWIFT_EMIT_LOC_STRINGS = NO;
				SWIFT_VERSION = 5.0;
				TARGETED_DEVICE_FAMILY = "1,2";
				TEST_TARGET_NAME = TempConverterApp;
			};
			name = Debug;
		};
		F27EEDF22D4760D90025D839 /* Release */ = {
			isa = XCBuildConfiguration;
			buildSettings = {
				ALWAYS_EMBED_SWIFT_STANDARD_LIBRARIES = YES;
				CODE_SIGN_STYLE = Automatic;
				CURRENT_PROJECT_VERSION = 1;
				DEVELOPMENT_TEAM = KSZ22SM2R2;
				GENERATE_INFOPLIST_FILE = YES;
				MARKETING_VERSION = 1.0;
				PRODUCT_BUNDLE_IDENTIFIER = a.TempConverterAppUITests;
				PRODUCT_NAME = "$(TARGET_NAME)";
				SWIFT_EMIT_LOC_STRINGS = NO;
				SWIFT_VERSION = 5.0;
				TARGETED_DEVICE_FAMILY = "1,2";
				TEST_TARGET_NAME = TempConverterApp;
			};
			name = Release;
		};
/* End XCBuildConfiguration section */

/* Begin XCConfigurationList section */
		F27EEDC12D4760D60025D839 /* Build configuration list for PBXProject "TempConverterApp" */ = {
			isa = XCConfigurationList;
			buildConfigurations = (
				F27EEDE82D4760D90025D839 /* Debug */,
				F27EEDE92D4760D90025D839 /* Release */,
			);
			defaultConfigurationIsVisible = 0;
			defaultConfigurationName = Release;
		};
		F27EEDEA2D4760D90025D839 /* Build configuration list for PBXNativeTarget "TempConverterApp" */ = {
			isa = XCConfigurationList;
			buildConfigurations = (
				F27EEDEB2D4760D90025D839 /* Debug */,
				F27EEDEC2D4760D90025D839 /* Release */,
			);
			defaultConfigurationIsVisible = 0;
			defaultConfigurationName = Release;
		};
		F27EEDED2D4760D90025D839 /* Build configuration list for PBXNativeTarget "TempConverterAppTests" */ = {
			isa = XCConfigurationList;
			buildConfigurations = (
				F27EEDEE2D4760D90025D839 /* Debug */,
				F27EEDEF2D4760D90025D839 /* Release */,
			);
			defaultConfigurationIsVisible = 0;
			defaultConfigurationName = Release;
		};
		F27EEDF02D4760D90025D839 /* Build configuration list for PBXNativeTarget "TempConverterAppUITests" */ = {
			isa = XCConfigurationList;
			buildConfigurations = (
				F27EEDF12D4760D90025D839 /* Debug */,
				F27EEDF22D4760D90025D839 /* Release */,
			);
			defaultConfigurationIsVisible = 0;
			defaultConfigurationName = Release;
		};
/* End XCConfigurationList section */
	};
	rootObject = F27EEDBE2D4760D60025D839 /* Project object */;
}
